
Microsoft Visual Studio Solution File, Format Version 12.00
# Visual Studio Version 16
VisualStudioVersion = 16.0.29609.76
MinimumVisualStudioVersion = 10.0.40219.1
Project("{2150E333-8FDC-42A3-9474-1A3956D46DE8}") = "core-modules", "core-modules", "{D3BAD681-14D1-42E5-AE4E-34F3CAB4C7FC}"
EndProject
Project("{9A19103F-16F7-4668-BE54-9A1E7A4F7556}") = "gsdc.toolbox.background", "core-modules\gsdc.toolbox.modules.background\gsdc.toolbox.background.csproj", "{E898C1DA-DC20-4CE7-8AE5-49A2787C59A4}"
EndProject
Project("{9A19103F-16F7-4668-BE54-9A1E7A4F7556}") = "gsdc.toolbox.menubar", "core-modules\gsdc.toolbox.menubar\gsdc.toolbox.menubar.csproj", "{41DE80B1-2016-4D18-BBFB-ED254B248816}"
EndProject
Project("{2150E333-8FDC-42A3-9474-1A3956D46DE8}") = "add-ons", "add-ons", "{41BF65A9-8529-4727-BEF4-D1A2C4167BB9}"
EndProject
Project("{9A19103F-16F7-4668-BE54-9A1E7A4F7556}") = "gsdc.toolbox.addons", "core-modules\gsdc.toolbox.addons\gsdc.toolbox.addons.csproj", "{7C9CA1BC-0106-4FFF-9B10-FC948A9A6330}"
EndProject
Project("{2150E333-8FDC-42A3-9474-1A3956D46DE8}") = "theming", "theming", "{C9A9EC39-B8EA-476C-87F2-3B1F152E85D2}"
EndProject
Project("{9A19103F-16F7-4668-BE54-9A1E7A4F7556}") = "gsdc.toolbox.module.loader", "gsdc.toolbox.module.loader\gsdc.toolbox.module.loader.csproj", "{CCC22BB3-BBE5-44E0-9884-83928AD69390}"
EndProject
Project("{2150E333-8FDC-42A3-9474-1A3956D46DE8}") = "themes", "themes", "{9851636F-A18A-4BD0-9B03-F29274CEF42C}"
EndProject
Project("{9A19103F-16F7-4668-BE54-9A1E7A4F7556}") = "bureau", "addon-modules\theming\themes\bureau\bureau.csproj", "{61FE8D1D-8389-4696-AEE1-D8C37F655EC0}"
EndProject
Project("{9A19103F-16F7-4668-BE54-9A1E7A4F7556}") = "cnl", "addon-modules\theming\themes\cnl\cnl.csproj", "{1915E541-3167-4910-A629-D91B29AF895A}"
EndProject
Project("{9A19103F-16F7-4668-BE54-9A1E7A4F7556}") = "expression", "addon-modules\theming\themes\expression\expression.csproj", "{11D47CF7-E7E1-434F-9ACC-88CE4B907354}"
EndProject
Project("{9A19103F-16F7-4668-BE54-9A1E7A4F7556}") = "shiny", "addon-modules\theming\themes\shiny\shiny.csproj", "{0969BCA5-94D2-4674-815E-CB9595D2C342}"
EndProject
Project("{9A19103F-16F7-4668-BE54-9A1E7A4F7556}") = "whistler", "addon-modules\theming\themes\whistler\whistler.csproj", "{746CA9EF-0389-4642-A4E4-8CAD79EAA165}"
EndProject
Project("{9A19103F-16F7-4668-BE54-9A1E7A4F7556}") = "theming", "addon-modules\theming\theming\theming.csproj", "{C26623F6-B158-4E4A-856C-FF9BE985B391}"
EndProject
Project("{9A19103F-16F7-4668-BE54-9A1E7A4F7556}") = "gsdc.toolbox", "gsdc.toolbox\gsdc.toolbox.csproj", "{8C3FB890-93DF-4E8C-93EE-0C27AA1F39B3}"
EndProject
Project("{9A19103F-16F7-4668-BE54-9A1E7A4F7556}") = "theming.module", "addon-modules\theming\theming.module\theming.module.csproj", "{8ACEBF23-880F-4428-BAC6-AB411AD76545}"
EndProject
Project("{9A19103F-16F7-4668-BE54-9A1E7A4F7556}") = "gsdc.toolbox.app", "gsdc.toolbox.app\gsdc.toolbox.app.csproj", "{4C1E0CAB-A184-4D68-ABB4-E55A1E794D8F}"
EndProject
Project("{9A19103F-16F7-4668-BE54-9A1E7A4F7556}") = "gsdc.toolbox.addons.module", "core-modules\gsdc.toolbox.addons.module\gsdc.toolbox.addons.module.csproj", "{419859F0-CAA8-4A03-A088-ACF4959F3523}"
EndProject
Project("{9A19103F-16F7-4668-BE54-9A1E7A4F7556}") = "gsdc.toolbox.menubar.module", "core-modules\gsdc.toolbox.menubar.module\gsdc.toolbox.menubar.module.csproj", "{CDB148FA-BBC0-4BA6-8187-2E5EB8CF24F6}"
EndProject
Project("{FAE04EC0-301F-11D3-BF4B-00C04F79EFBC}") = "gsdc.toolbox.dialogs", "core-modules\gsdc.toolbox.dialogs\gsdc.toolbox.dialogs.csproj", "{70219C8A-F4DF-4A1A-B90C-D40E62789489}"
EndProject
Global
	GlobalSection(SolutionConfigurationPlatforms) = preSolution
		Debug|Any CPU = Debug|Any CPU
		Release|Any CPU = Release|Any CPU
		Description = A Composite Application using the Prism Framework for netCore 
	EndGlobalSection
	GlobalSection(ProjectConfigurationPlatforms) = postSolution
		{E898C1DA-DC20-4CE7-8AE5-49A2787C59A4}.Debug|Any CPU.ActiveCfg = Debug|Any CPU
		{E898C1DA-DC20-4CE7-8AE5-49A2787C59A4}.Debug|Any CPU.Build.0 = Debug|Any CPU
		{E898C1DA-DC20-4CE7-8AE5-49A2787C59A4}.Release|Any CPU.ActiveCfg = Release|Any CPU
		{E898C1DA-DC20-4CE7-8AE5-49A2787C59A4}.Release|Any CPU.Build.0 = Release|Any CPU
		{41DE80B1-2016-4D18-BBFB-ED254B248816}.Debug|Any CPU.ActiveCfg = Debug|Any CPU
		{41DE80B1-2016-4D18-BBFB-ED254B248816}.Debug|Any CPU.Build.0 = Debug|Any CPU
		{41DE80B1-2016-4D18-BBFB-ED254B248816}.Release|Any CPU.ActiveCfg = Release|Any CPU
		{41DE80B1-2016-4D18-BBFB-ED254B248816}.Release|Any CPU.Build.0 = Release|Any CPU
		{7C9CA1BC-0106-4FFF-9B10-FC948A9A6330}.Debug|Any CPU.ActiveCfg = Debug|Any CPU
		{7C9CA1BC-0106-4FFF-9B10-FC948A9A6330}.Debug|Any CPU.Build.0 = Debug|Any CPU
		{7C9CA1BC-0106-4FFF-9B10-FC948A9A6330}.Release|Any CPU.ActiveCfg = Release|Any CPU
		{7C9CA1BC-0106-4FFF-9B10-FC948A9A6330}.Release|Any CPU.Build.0 = Release|Any CPU
		{CCC22BB3-BBE5-44E0-9884-83928AD69390}.Debug|Any CPU.ActiveCfg = Debug|Any CPU
		{CCC22BB3-BBE5-44E0-9884-83928AD69390}.Debug|Any CPU.Build.0 = Debug|Any CPU
		{CCC22BB3-BBE5-44E0-9884-83928AD69390}.Release|Any CPU.ActiveCfg = Release|Any CPU
		{CCC22BB3-BBE5-44E0-9884-83928AD69390}.Release|Any CPU.Build.0 = Release|Any CPU
		{61FE8D1D-8389-4696-AEE1-D8C37F655EC0}.Debug|Any CPU.ActiveCfg = Debug|Any CPU
		{61FE8D1D-8389-4696-AEE1-D8C37F655EC0}.Debug|Any CPU.Build.0 = Debug|Any CPU
		{61FE8D1D-8389-4696-AEE1-D8C37F655EC0}.Release|Any CPU.ActiveCfg = Release|Any CPU
		{61FE8D1D-8389-4696-AEE1-D8C37F655EC0}.Release|Any CPU.Build.0 = Release|Any CPU
		{1915E541-3167-4910-A629-D91B29AF895A}.Debug|Any CPU.ActiveCfg = Debug|Any CPU
		{1915E541-3167-4910-A629-D91B29AF895A}.Debug|Any CPU.Build.0 = Debug|Any CPU
		{1915E541-3167-4910-A629-D91B29AF895A}.Release|Any CPU.ActiveCfg = Release|Any CPU
		{1915E541-3167-4910-A629-D91B29AF895A}.Release|Any CPU.Build.0 = Release|Any CPU
		{11D47CF7-E7E1-434F-9ACC-88CE4B907354}.Debug|Any CPU.ActiveCfg = Debug|Any CPU
		{11D47CF7-E7E1-434F-9ACC-88CE4B907354}.Debug|Any CPU.Build.0 = Debug|Any CPU
		{11D47CF7-E7E1-434F-9ACC-88CE4B907354}.Release|Any CPU.ActiveCfg = Release|Any CPU
		{11D47CF7-E7E1-434F-9ACC-88CE4B907354}.Release|Any CPU.Build.0 = Release|Any CPU
		{0969BCA5-94D2-4674-815E-CB9595D2C342}.Debug|Any CPU.ActiveCfg = Debug|Any CPU
		{0969BCA5-94D2-4674-815E-CB9595D2C342}.Debug|Any CPU.Build.0 = Debug|Any CPU
		{0969BCA5-94D2-4674-815E-CB9595D2C342}.Release|Any CPU.ActiveCfg = Release|Any CPU
		{0969BCA5-94D2-4674-815E-CB9595D2C342}.Release|Any CPU.Build.0 = Release|Any CPU
		{746CA9EF-0389-4642-A4E4-8CAD79EAA165}.Debug|Any CPU.ActiveCfg = Debug|Any CPU
		{746CA9EF-0389-4642-A4E4-8CAD79EAA165}.Debug|Any CPU.Build.0 = Debug|Any CPU
		{746CA9EF-0389-4642-A4E4-8CAD79EAA165}.Release|Any CPU.ActiveCfg = Release|Any CPU
		{746CA9EF-0389-4642-A4E4-8CAD79EAA165}.Release|Any CPU.Build.0 = Release|Any CPU
		{C26623F6-B158-4E4A-856C-FF9BE985B391}.Debug|Any CPU.ActiveCfg = Debug|Any CPU
		{C26623F6-B158-4E4A-856C-FF9BE985B391}.Debug|Any CPU.Build.0 = Debug|Any CPU
		{C26623F6-B158-4E4A-856C-FF9BE985B391}.Release|Any CPU.ActiveCfg = Release|Any CPU
		{C26623F6-B158-4E4A-856C-FF9BE985B391}.Release|Any CPU.Build.0 = Release|Any CPU
		{8C3FB890-93DF-4E8C-93EE-0C27AA1F39B3}.Debug|Any CPU.ActiveCfg = Debug|Any CPU
		{8C3FB890-93DF-4E8C-93EE-0C27AA1F39B3}.Debug|Any CPU.Build.0 = Debug|Any CPU
		{8C3FB890-93DF-4E8C-93EE-0C27AA1F39B3}.Release|Any CPU.ActiveCfg = Release|Any CPU
		{8C3FB890-93DF-4E8C-93EE-0C27AA1F39B3}.Release|Any CPU.Build.0 = Release|Any CPU
		{8ACEBF23-880F-4428-BAC6-AB411AD76545}.Debug|Any CPU.ActiveCfg = Debug|Any CPU
		{8ACEBF23-880F-4428-BAC6-AB411AD76545}.Debug|Any CPU.Build.0 = Debug|Any CPU
		{8ACEBF23-880F-4428-BAC6-AB411AD76545}.Release|Any CPU.ActiveCfg = Release|Any CPU
		{8ACEBF23-880F-4428-BAC6-AB411AD76545}.Release|Any CPU.Build.0 = Release|Any CPU
		{4C1E0CAB-A184-4D68-ABB4-E55A1E794D8F}.Debug|Any CPU.ActiveCfg = Debug|Any CPU
		{4C1E0CAB-A184-4D68-ABB4-E55A1E794D8F}.Debug|Any CPU.Build.0 = Debug|Any CPU
		{4C1E0CAB-A184-4D68-ABB4-E55A1E794D8F}.Release|Any CPU.ActiveCfg = Release|Any CPU
		{4C1E0CAB-A184-4D68-ABB4-E55A1E794D8F}.Release|Any CPU.Build.0 = Release|Any CPU
		{419859F0-CAA8-4A03-A088-ACF4959F3523}.Debug|Any CPU.ActiveCfg = Debug|Any CPU
		{419859F0-CAA8-4A03-A088-ACF4959F3523}.Debug|Any CPU.Build.0 = Debug|Any CPU
		{419859F0-CAA8-4A03-A088-ACF4959F3523}.Release|Any CPU.ActiveCfg = Release|Any CPU
		{419859F0-CAA8-4A03-A088-ACF4959F3523}.Release|Any CPU.Build.0 = Release|Any CPU
		{CDB148FA-BBC0-4BA6-8187-2E5EB8CF24F6}.Debug|Any CPU.ActiveCfg = Debug|Any CPU
		{CDB148FA-BBC0-4BA6-8187-2E5EB8CF24F6}.Debug|Any CPU.Build.0 = Debug|Any CPU
		{CDB148FA-BBC0-4BA6-8187-2E5EB8CF24F6}.Release|Any CPU.ActiveCfg = Release|Any CPU
		{CDB148FA-BBC0-4BA6-8187-2E5EB8CF24F6}.Release|Any CPU.Build.0 = Release|Any CPU
		{70219C8A-F4DF-4A1A-B90C-D40E62789489}.Debug|Any CPU.ActiveCfg = Debug|Any CPU
		{70219C8A-F4DF-4A1A-B90C-D40E62789489}.Debug|Any CPU.Build.0 = Debug|Any CPU
		{70219C8A-F4DF-4A1A-B90C-D40E62789489}.Release|Any CPU.ActiveCfg = Release|Any CPU
		{70219C8A-F4DF-4A1A-B90C-D40E62789489}.Release|Any CPU.Build.0 = Release|Any CPU
	EndGlobalSection
	GlobalSection(SolutionProperties) = preSolution
		HideSolutionNode = FALSE
	EndGlobalSection
	GlobalSection(NestedProjects) = preSolution
		{E898C1DA-DC20-4CE7-8AE5-49A2787C59A4} = {D3BAD681-14D1-42E5-AE4E-34F3CAB4C7FC}
		{41DE80B1-2016-4D18-BBFB-ED254B248816} = {D3BAD681-14D1-42E5-AE4E-34F3CAB4C7FC}
		{7C9CA1BC-0106-4FFF-9B10-FC948A9A6330} = {D3BAD681-14D1-42E5-AE4E-34F3CAB4C7FC}
		{C9A9EC39-B8EA-476C-87F2-3B1F152E85D2} = {41BF65A9-8529-4727-BEF4-D1A2C4167BB9}
		{9851636F-A18A-4BD0-9B03-F29274CEF42C} = {C9A9EC39-B8EA-476C-87F2-3B1F152E85D2}
		{61FE8D1D-8389-4696-AEE1-D8C37F655EC0} = {9851636F-A18A-4BD0-9B03-F29274CEF42C}
		{1915E541-3167-4910-A629-D91B29AF895A} = {9851636F-A18A-4BD0-9B03-F29274CEF42C}
		{11D47CF7-E7E1-434F-9ACC-88CE4B907354} = {9851636F-A18A-4BD0-9B03-F29274CEF42C}
		{0969BCA5-94D2-4674-815E-CB9595D2C342} = {9851636F-A18A-4BD0-9B03-F29274CEF42C}
		{746CA9EF-0389-4642-A4E4-8CAD79EAA165} = {9851636F-A18A-4BD0-9B03-F29274CEF42C}
		{C26623F6-B158-4E4A-856C-FF9BE985B391} = {C9A9EC39-B8EA-476C-87F2-3B1F152E85D2}
		{8ACEBF23-880F-4428-BAC6-AB411AD76545} = {C9A9EC39-B8EA-476C-87F2-3B1F152E85D2}
		{419859F0-CAA8-4A03-A088-ACF4959F3523} = {D3BAD681-14D1-42E5-AE4E-34F3CAB4C7FC}
		{CDB148FA-BBC0-4BA6-8187-2E5EB8CF24F6} = {D3BAD681-14D1-42E5-AE4E-34F3CAB4C7FC}
		{70219C8A-F4DF-4A1A-B90C-D40E62789489} = {D3BAD681-14D1-42E5-AE4E-34F3CAB4C7FC}
	EndGlobalSection
	GlobalSection(ExtensibilityGlobals) = postSolution
		SolutionGuid = {595C71B0-44A1-4FCF-8363-974DD8130B9C}
	EndGlobalSection
	GlobalSection(NDepend) = preSolution
		Project = ".\gsdc-toolbox1.ndproj"
	EndGlobalSection
EndGlobal
